
Microsoft Visual Studio Solution File, Format Version 12.00
# Visual Studio 2012
Project("{FAE04EC0-301F-11D3-BF4B-00C04F79EFBC}") = "SharpNemo", "SharpNemo\SharpNemo.csproj", "{0F2945EC-70F8-4CB4-9779-08F7C407C226}"
EndProject
Global
	GlobalSection(SolutionConfigurationPlatforms) = preSolution
		Debug|Any CPU = Debug|Any CPU
		Debug|Mixed Platforms = Debug|Mixed Platforms
		Debug|Win32 = Debug|Win32
		Debug|x64 = Debug|x64
		Release|Any CPU = Release|Any CPU
		Release|Mixed Platforms = Release|Mixed Platforms
		Release|Win32 = Release|Win32
		Release|x64 = Release|x64
	EndGlobalSection
	GlobalSection(ProjectConfigurationPlatforms) = postSolution
		{0F2945EC-70F8-4CB4-9779-08F7C407C226}.Debug|Any CPU.ActiveCfg = Debug|Any CPU
		{0F2945EC-70F8-4CB4-9779-08F7C407C226}.Debug|Any CPU.Build.0 = Debug|Any CPU
		{0F2945EC-70F8-4CB4-9779-08F7C407C226}.Debug|Mixed Platforms.ActiveCfg = Debug|Any CPU
		{0F2945EC-70F8-4CB4-9779-08F7C407C226}.Debug|Mixed Platforms.Build.0 = Debug|Any CPU
		{0F2945EC-70F8-4CB4-9779-08F7C407C226}.Debug|Win32.ActiveCfg = Debug|Any CPU
		{0F2945EC-70F8-4CB4-9779-08F7C407C226}.Debug|x64.ActiveCfg = Debug|Any CPU
		{0F2945EC-70F8-4CB4-9779-08F7C407C226}.Release|Any CPU.ActiveCfg = Release|Any CPU
		{0F2945EC-70F8-4CB4-9779-08F7C407C226}.Release|Any CPU.Build.0 = Release|Any CPU
		{0F2945EC-70F8-4CB4-9779-08F7C407C226}.Release|Mixed Platforms.ActiveCfg = Release|Any CPU
		{0F2945EC-70F8-4CB4-9779-08F7C407C226}.Release|Mixed Platforms.Build.0 = Release|Any CPU
		{0F2945EC-70F8-4CB4-9779-08F7C407C226}.Release|Win32.ActiveCfg = Release|Any CPU
		{0F2945EC-70F8-4CB4-9779-08F7C407C226}.Release|x64.ActiveCfg = Release|Any CPU
	EndGlobalSection
	GlobalSection(SolutionProperties) = preSolution
		HideSolutionNode = FALSE
	EndGlobalSection
EndGlobal
